// !$*UTF8*$!
{
	archiveVersion = 1;
	classes = {
	};
	objectVersion = 56;
	objects = {

/* Begin PBXBuildFile section */
		45C22E242A9E11D8000B65C3 /* UDTWApp.swift in Sources */ = {isa = PBXBuildFile; fileRef = 45C22E232A9E11D8000B65C3 /* UDTWApp.swift */; };
		45C22E262A9E11D8000B65C3 /* ContentView.swift in Sources */ = {isa = PBXBuildFile; fileRef = 45C22E252A9E11D8000B65C3 /* ContentView.swift */; };
		45C22E282A9E11DA000B65C3 /* Assets.xcassets in Resources */ = {isa = PBXBuildFile; fileRef = 45C22E272A9E11DA000B65C3 /* Assets.xcassets */; };
		45C22E2C2A9E11DA000B65C3 /* Preview Assets.xcassets in Resources */ = {isa = PBXBuildFile; fileRef = 45C22E2B2A9E11DA000B65C3 /* Preview Assets.xcassets */; };
		45C22E362A9E11DA000B65C3 /* UDTWTests.swift in Sources */ = {isa = PBXBuildFile; fileRef = 45C22E352A9E11DA000B65C3 /* UDTWTests.swift */; };
		45C22E402A9E11DA000B65C3 /* UDTWUITests.swift in Sources */ = {isa = PBXBuildFile; fileRef = 45C22E3F2A9E11DA000B65C3 /* UDTWUITests.swift */; };
		45C22E422A9E11DA000B65C3 /* UDTWUITestsLaunchTests.swift in Sources */ = {isa = PBXBuildFile; fileRef = 45C22E412A9E11DA000B65C3 /* UDTWUITestsLaunchTests.swift */; };
		45C22E602A9E28BC000B65C3 /* WebView.swift in Sources */ = {isa = PBXBuildFile; fileRef = 45C22E5F2A9E28BC000B65C3 /* WebView.swift */; };
		45E579222A9ED14500C7A91F /* API.swift in Sources */ = {isa = PBXBuildFile; fileRef = 45E579212A9ED14500C7A91F /* API.swift */; };
		45E579242A9ED55F00C7A91F /* Network.swift in Sources */ = {isa = PBXBuildFile; fileRef = 45E579232A9ED55F00C7A91F /* Network.swift */; };
		45E579262A9ED6A200C7A91F /* ListView.swift in Sources */ = {isa = PBXBuildFile; fileRef = 45E579252A9ED6A200C7A91F /* ListView.swift */; };
/* End PBXBuildFile section */

/* Begin PBXContainerItemProxy section */
		45C22E322A9E11DA000B65C3 /* PBXContainerItemProxy */ = {
			isa = PBXContainerItemProxy;
			containerPortal = 45C22E182A9E11D8000B65C3 /* Project object */;
			proxyType = 1;
			remoteGlobalIDString = 45C22E1F2A9E11D8000B65C3;
			remoteInfo = UDTW;
		};
		45C22E3C2A9E11DA000B65C3 /* PBXContainerItemProxy */ = {
			isa = PBXContainerItemProxy;
			containerPortal = 45C22E182A9E11D8000B65C3 /* Project object */;
			proxyType = 1;
			remoteGlobalIDString = 45C22E1F2A9E11D8000B65C3;
			remoteInfo = UDTW;
		};
/* End PBXContainerItemProxy section */

/* Begin PBXFileReference section */
		45C22E202A9E11D8000B65C3 /* UDTW.app */ = {isa = PBXFileReference; explicitFileType = wrapper.application; includeInIndex = 0; path = UDTW.app; sourceTree = BUILT_PRODUCTS_DIR; };
		45C22E232A9E11D8000B65C3 /* UDTWApp.swift */ = {isa = PBXFileReference; lastKnownFileType = sourcecode.swift; path = UDTWApp.swift; sourceTree = "<group>"; };
		45C22E252A9E11D8000B65C3 /* ContentView.swift */ = {isa = PBXFileReference; lastKnownFileType = sourcecode.swift; path = ContentView.swift; sourceTree = "<group>"; };
		45C22E272A9E11DA000B65C3 /* Assets.xcassets */ = {isa = PBXFileReference; lastKnownFileType = folder.assetcatalog; path = Assets.xcassets; sourceTree = "<group>"; };
		45C22E292A9E11DA000B65C3 /* UDTW.entitlements */ = {isa = PBXFileReference; lastKnownFileType = text.plist.entitlements; path = UDTW.entitlements; sourceTree = "<group>"; };
		45C22E2B2A9E11DA000B65C3 /* Preview Assets.xcassets */ = {isa = PBXFileReference; lastKnownFileType = folder.assetcatalog; path = "Preview Assets.xcassets"; sourceTree = "<group>"; };
		45C22E312A9E11DA000B65C3 /* UDTWTests.xctest */ = {isa = PBXFileReference; explicitFileType = wrapper.cfbundle; includeInIndex = 0; path = UDTWTests.xctest; sourceTree = BUILT_PRODUCTS_DIR; };
		45C22E352A9E11DA000B65C3 /* UDTWTests.swift */ = {isa = PBXFileReference; lastKnownFileType = sourcecode.swift; path = UDTWTests.swift; sourceTree = "<group>"; };
		45C22E3B2A9E11DA000B65C3 /* UDTWUITests.xctest */ = {isa = PBXFileReference; explicitFileType = wrapper.cfbundle; includeInIndex = 0; path = UDTWUITests.xctest; sourceTree = BUILT_PRODUCTS_DIR; };
		45C22E3F2A9E11DA000B65C3 /* UDTWUITests.swift */ = {isa = PBXFileReference; lastKnownFileType = sourcecode.swift; path = UDTWUITests.swift; sourceTree = "<group>"; };
		45C22E412A9E11DA000B65C3 /* UDTWUITestsLaunchTests.swift */ = {isa = PBXFileReference; lastKnownFileType = sourcecode.swift; path = UDTWUITestsLaunchTests.swift; sourceTree = "<group>"; };
		45C22E582A9E1A9C000B65C3 /* SystemConfiguration.framework */ = {isa = PBXFileReference; lastKnownFileType = wrapper.framework; name = SystemConfiguration.framework; path = Platforms/iPhoneOS.platform/Developer/SDKs/iPhoneOS17.0.sdk/System/Library/Frameworks/SystemConfiguration.framework; sourceTree = DEVELOPER_DIR; };
		45C22E5F2A9E28BC000B65C3 /* WebView.swift */ = {isa = PBXFileReference; lastKnownFileType = sourcecode.swift; path = WebView.swift; sourceTree = "<group>"; };
		45E579212A9ED14500C7A91F /* API.swift */ = {isa = PBXFileReference; lastKnownFileType = sourcecode.swift; path = API.swift; sourceTree = "<group>"; };
		45E579232A9ED55F00C7A91F /* Network.swift */ = {isa = PBXFileReference; lastKnownFileType = sourcecode.swift; path = Network.swift; sourceTree = "<group>"; };
		45E579252A9ED6A200C7A91F /* ListView.swift */ = {isa = PBXFileReference; lastKnownFileType = sourcecode.swift; path = ListView.swift; sourceTree = "<group>"; };
/* End PBXFileReference section */

/* Begin PBXFrameworksBuildPhase section */
		45C22E1D2A9E11D8000B65C3 /* Frameworks */ = {
			isa = PBXFrameworksBuildPhase;
			buildActionMask = 2147483647;
			files = (
			);
			runOnlyForDeploymentPostprocessing = 0;
		};
		45C22E2E2A9E11DA000B65C3 /* Frameworks */ = {
			isa = PBXFrameworksBuildPhase;
			buildActionMask = 2147483647;
			files = (
			);
			runOnlyForDeploymentPostprocessing = 0;
		};
		45C22E382A9E11DA000B65C3 /* Frameworks */ = {
			isa = PBXFrameworksBuildPhase;
			buildActionMask = 2147483647;
			files = (
			);
			runOnlyForDeploymentPostprocessing = 0;
		};
/* End PBXFrameworksBuildPhase section */

/* Begin PBXGroup section */
		45C22E172A9E11D8000B65C3 = {
			isa = PBXGroup;
			children = (
				45C22E222A9E11D8000B65C3 /* UDTW */,
				45C22E342A9E11DA000B65C3 /* UDTWTests */,
				45C22E3E2A9E11DA000B65C3 /* UDTWUITests */,
				45C22E212A9E11D8000B65C3 /* Products */,
				45C22E572A9E1A9C000B65C3 /* Frameworks */,
			);
			sourceTree = "<group>";
		};
		45C22E212A9E11D8000B65C3 /* Products */ = {
			isa = PBXGroup;
			children = (
				45C22E202A9E11D8000B65C3 /* UDTW.app */,
				45C22E312A9E11DA000B65C3 /* UDTWTests.xctest */,
				45C22E3B2A9E11DA000B65C3 /* UDTWUITests.xctest */,
			);
			name = Products;
			sourceTree = "<group>";
		};
		45C22E222A9E11D8000B65C3 /* UDTW */ = {
			isa = PBXGroup;
			children = (
				45C22E232A9E11D8000B65C3 /* UDTWApp.swift */,
				45C22E252A9E11D8000B65C3 /* ContentView.swift */,
				45C22E272A9E11DA000B65C3 /* Assets.xcassets */,
				45C22E292A9E11DA000B65C3 /* UDTW.entitlements */,
				45C22E2A2A9E11DA000B65C3 /* Preview Content */,
				45C22E5F2A9E28BC000B65C3 /* WebView.swift */,
				45E579212A9ED14500C7A91F /* API.swift */,
				45E579232A9ED55F00C7A91F /* Network.swift */,
				45E579252A9ED6A200C7A91F /* ListView.swift */,
			);
			path = UDTW;
			sourceTree = "<group>";
		};
		45C22E2A2A9E11DA000B65C3 /* Preview Content */ = {
			isa = PBXGroup;
			children = (
				45C22E2B2A9E11DA000B65C3 /* Preview Assets.xcassets */,
			);
			path = "Preview Content";
			sourceTree = "<group>";
		};
		45C22E342A9E11DA000B65C3 /* UDTWTests */ = {
			isa = PBXGroup;
			children = (
				45C22E352A9E11DA000B65C3 /* UDTWTests.swift */,
			);
			path = UDTWTests;
			sourceTree = "<group>";
		};
		45C22E3E2A9E11DA000B65C3 /* UDTWUITests */ = {
			isa = PBXGroup;
			children = (
				45C22E3F2A9E11DA000B65C3 /* UDTWUITests.swift */,
				45C22E412A9E11DA000B65C3 /* UDTWUITestsLaunchTests.swift */,
			);
			path = UDTWUITests;
			sourceTree = "<group>";
		};
		45C22E572A9E1A9C000B65C3 /* Frameworks */ = {
			isa = PBXGroup;
			children = (
				45C22E582A9E1A9C000B65C3 /* SystemConfiguration.framework */,
			);
			name = Frameworks;
			sourceTree = "<group>";
		};
/* End PBXGroup section */

/* Begin PBXNativeTarget section */
		45C22E1F2A9E11D8000B65C3 /* UDTW */ = {
			isa = PBXNativeTarget;
			buildConfigurationList = 45C22E452A9E11DA000B65C3 /* Build configuration list for PBXNativeTarget "UDTW" */;
			buildPhases = (
				45C22E1C2A9E11D8000B65C3 /* Sources */,
				45C22E1D2A9E11D8000B65C3 /* Frameworks */,
				45C22E1E2A9E11D8000B65C3 /* Resources */,
			);
			buildRules = (
			);
			dependencies = (
			);
			name = UDTW;
			packageProductDependencies = (
			);
			productName = UDTW;
			productReference = 45C22E202A9E11D8000B65C3 /* UDTW.app */;
			productType = "com.apple.product-type.application";
		};
		45C22E302A9E11DA000B65C3 /* UDTWTests */ = {
			isa = PBXNativeTarget;
			buildConfigurationList = 45C22E482A9E11DA000B65C3 /* Build configuration list for PBXNativeTarget "UDTWTests" */;
			buildPhases = (
				45C22E2D2A9E11DA000B65C3 /* Sources */,
				45C22E2E2A9E11DA000B65C3 /* Frameworks */,
				45C22E2F2A9E11DA000B65C3 /* Resources */,
			);
			buildRules = (
			);
			dependencies = (
				45C22E332A9E11DA000B65C3 /* PBXTargetDependency */,
			);
			name = UDTWTests;
			productName = UDTWTests;
			productReference = 45C22E312A9E11DA000B65C3 /* UDTWTests.xctest */;
			productType = "com.apple.product-type.bundle.unit-test";
		};
		45C22E3A2A9E11DA000B65C3 /* UDTWUITests */ = {
			isa = PBXNativeTarget;
			buildConfigurationList = 45C22E4B2A9E11DA000B65C3 /* Build configuration list for PBXNativeTarget "UDTWUITests" */;
			buildPhases = (
				45C22E372A9E11DA000B65C3 /* Sources */,
				45C22E382A9E11DA000B65C3 /* Frameworks */,
				45C22E392A9E11DA000B65C3 /* Resources */,
			);
			buildRules = (
			);
			dependencies = (
				45C22E3D2A9E11DA000B65C3 /* PBXTargetDependency */,
			);
			name = UDTWUITests;
			productName = UDTWUITests;
			productReference = 45C22E3B2A9E11DA000B65C3 /* UDTWUITests.xctest */;
			productType = "com.apple.product-type.bundle.ui-testing";
		};
/* End PBXNativeTarget section */

/* Begin PBXProject section */
		45C22E182A9E11D8000B65C3 /* Project object */ = {
			isa = PBXProject;
			attributes = {
				BuildIndependentTargetsInParallel = 1;
				LastSwiftUpdateCheck = 1500;
				LastUpgradeCheck = 1500;
				TargetAttributes = {
					45C22E1F2A9E11D8000B65C3 = {
						CreatedOnToolsVersion = 15.0;
						LastSwiftMigration = 1500;
					};
					45C22E302A9E11DA000B65C3 = {
						CreatedOnToolsVersion = 15.0;
						TestTargetID = 45C22E1F2A9E11D8000B65C3;
					};
					45C22E3A2A9E11DA000B65C3 = {
						CreatedOnToolsVersion = 15.0;
						TestTargetID = 45C22E1F2A9E11D8000B65C3;
					};
				};
			};
			buildConfigurationList = 45C22E1B2A9E11D8000B65C3 /* Build configuration list for PBXProject "UDTW" */;
			compatibilityVersion = "Xcode 14.0";
			developmentRegion = en;
			hasScannedForEncodings = 0;
			knownRegions = (
				en,
				Base,
			);
			mainGroup = 45C22E172A9E11D8000B65C3;
			packageReferences = (
			);
			productRefGroup = 45C22E212A9E11D8000B65C3 /* Products */;
			projectDirPath = "";
			projectRoot = "";
			targets = (
				45C22E1F2A9E11D8000B65C3 /* UDTW */,
				45C22E302A9E11DA000B65C3 /* UDTWTests */,
				45C22E3A2A9E11DA000B65C3 /* UDTWUITests */,
			);
		};
/* End PBXProject section */

/* Begin PBXResourcesBuildPhase section */
		45C22E1E2A9E11D8000B65C3 /* Resources */ = {
			isa = PBXResourcesBuildPhase;
			buildActionMask = 2147483647;
			files = (
				45C22E2C2A9E11DA000B65C3 /* Preview Assets.xcassets in Resources */,
				45C22E282A9E11DA000B65C3 /* Assets.xcassets in Resources */,
			);
			runOnlyForDeploymentPostprocessing = 0;
		};
		45C22E2F2A9E11DA000B65C3 /* Resources */ = {
			isa = PBXResourcesBuildPhase;
			buildActionMask = 2147483647;
			files = (
			);
			runOnlyForDeploymentPostprocessing = 0;
		};
		45C22E392A9E11DA000B65C3 /* Resources */ = {
			isa = PBXResourcesBuildPhase;
			buildActionMask = 2147483647;
			files = (
			);
			runOnlyForDeploymentPostprocessing = 0;
		};
/* End PBXResourcesBuildPhase section */

/* Begin PBXSourcesBuildPhase section */
		45C22E1C2A9E11D8000B65C3 /* Sources */ = {
			isa = PBXSourcesBuildPhase;
			buildActionMask = 2147483647;
			files = (
				45E579242A9ED55F00C7A91F /* Network.swift in Sources */,
				45C22E602A9E28BC000B65C3 /* WebView.swift in Sources */,
				45E579262A9ED6A200C7A91F /* ListView.swift in Sources */,
				45C22E262A9E11D8000B65C3 /* ContentView.swift in Sources */,
				45E579222A9ED14500C7A91F /* API.swift in Sources */,
				45C22E242A9E11D8000B65C3 /* UDTWApp.swift in Sources */,
			);
			runOnlyForDeploymentPostprocessing = 0;
		};
		45C22E2D2A9E11DA000B65C3 /* Sources */ = {
			isa = PBXSourcesBuildPhase;
			buildActionMask = 2147483647;
			files = (
				45C22E362A9E11DA000B65C3 /* UDTWTests.swift in Sources */,
			);
			runOnlyForDeploymentPostprocessing = 0;
		};
		45C22E372A9E11DA000B65C3 /* Sources */ = {
			isa = PBXSourcesBuildPhase;
			buildActionMask = 2147483647;
			files = (
				45C22E422A9E11DA000B65C3 /* UDTWUITestsLaunchTests.swift in Sources */,
				45C22E402A9E11DA000B65C3 /* UDTWUITests.swift in Sources */,
			);
			runOnlyForDeploymentPostprocessing = 0;
		};
/* End PBXSourcesBuildPhase section */

/* Begin PBXTargetDependency section */
		45C22E332A9E11DA000B65C3 /* PBXTargetDependency */ = {
			isa = PBXTargetDependency;
			target = 45C22E1F2A9E11D8000B65C3 /* UDTW */;
			targetProxy = 45C22E322A9E11DA000B65C3 /* PBXContainerItemProxy */;
		};
		45C22E3D2A9E11DA000B65C3 /* PBXTargetDependency */ = {
			isa = PBXTargetDependency;
			target = 45C22E1F2A9E11D8000B65C3 /* UDTW */;
			targetProxy = 45C22E3C2A9E11DA000B65C3 /* PBXContainerItemProxy */;
		};
/* End PBXTargetDependency section */

/* Begin XCBuildConfiguration section */
		45C22E432A9E11DA000B65C3 /* Debug */ = {
			isa = XCBuildConfiguration;
			buildSettings = {
				ALWAYS_SEARCH_USER_PATHS = NO;
				ASSETCATALOG_COMPILER_GENERATE_SWIFT_ASSET_SYMBOL_EXTENSIONS = YES;
				CLANG_ANALYZER_NONNULL = YES;
				CLANG_ANALYZER_NUMBER_OBJECT_CONVERSION = YES_AGGRESSIVE;
				CLANG_CXX_LANGUAGE_STANDARD = "gnu++20";
				CLANG_ENABLE_MODULES = YES;
				CLANG_ENABLE_OBJC_ARC = YES;
				CLANG_ENABLE_OBJC_WEAK = YES;
				CLANG_WARN_BLOCK_CAPTURE_AUTORELEASING = YES;
				CLANG_WARN_BOOL_CONVERSION = YES;
				CLANG_WARN_COMMA = YES;
				CLANG_WARN_CONSTANT_CONVERSION = YES;
				CLANG_WARN_DEPRECATED_OBJC_IMPLEMENTATIONS = YES;
				CLANG_WARN_DIRECT_OBJC_ISA_USAGE = YES_ERROR;
				CLANG_WARN_DOCUMENTATION_COMMENTS = YES;
				CLANG_WARN_EMPTY_BODY = YES;
				CLANG_WARN_ENUM_CONVERSION = YES;
				CLANG_WARN_INFINITE_RECURSION = YES;
				CLANG_WARN_INT_CONVERSION = YES;
				CLANG_WARN_NON_LITERAL_NULL_CONVERSION = YES;
				CLANG_WARN_OBJC_IMPLICIT_RETAIN_SELF = YES;
				CLANG_WARN_OBJC_LITERAL_CONVERSION = YES;
				CLANG_WARN_OBJC_ROOT_CLASS = YES_ERROR;
				CLANG_WARN_QUOTED_INCLUDE_IN_FRAMEWORK_HEADER = YES;
				CLANG_WARN_RANGE_LOOP_ANALYSIS = YES;
				CLANG_WARN_STRICT_PROTOTYPES = YES;
				CLANG_WARN_SUSPICIOUS_MOVE = YES;
				CLANG_WARN_UNGUARDED_AVAILABILITY = YES_AGGRESSIVE;
				CLANG_WARN_UNREACHABLE_CODE = YES;
				CLANG_WARN__DUPLICATE_METHOD_MATCH = YES;
				COPY_PHASE_STRIP = NO;
				DEBUG_INFORMATION_FORMAT = dwarf;
				ENABLE_STRICT_OBJC_MSGSEND = YES;
				ENABLE_TESTABILITY = YES;
				ENABLE_USER_SCRIPT_SANDBOXING = NO;
				GCC_C_LANGUAGE_STANDARD = gnu17;
				GCC_DYNAMIC_NO_PIC = NO;
				GCC_NO_COMMON_BLOCKS = YES;
				GCC_OPTIMIZATION_LEVEL = 0;
				GCC_PREPROCESSOR_DEFINITIONS = (
					"DEBUG=1",
					"$(inherited)",
				);
				GCC_WARN_64_TO_32_BIT_CONVERSION = YES;
				GCC_WARN_ABOUT_RETURN_TYPE = YES_ERROR;
				GCC_WARN_UNDECLARED_SELECTOR = YES;
				GCC_WARN_UNINITIALIZED_AUTOS = YES_AGGRESSIVE;
				GCC_WARN_UNUSED_FUNCTION = YES;
				GCC_WARN_UNUSED_VARIABLE = YES;
				LOCALIZATION_PREFERS_STRING_CATALOGS = YES;
				MTL_ENABLE_DEBUG_INFO = INCLUDE_SOURCE;
				MTL_FAST_MATH = YES;
				ONLY_ACTIVE_ARCH = YES;
				SWIFT_ACTIVE_COMPILATION_CONDITIONS = "DEBUG $(inherited)";
				SWIFT_OPTIMIZATION_LEVEL = "-Onone";
			};
			name = Debug;
		};
		45C22E442A9E11DA000B65C3 /* Release */ = {
			isa = XCBuildConfiguration;
			buildSettings = {
				ALWAYS_SEARCH_USER_PATHS = NO;
				ASSETCATALOG_COMPILER_GENERATE_SWIFT_ASSET_SYMBOL_EXTENSIONS = YES;
				CLANG_ANALYZER_NONNULL = YES;
				CLANG_ANALYZER_NUMBER_OBJECT_CONVERSION = YES_AGGRESSIVE;
				CLANG_CXX_LANGUAGE_STANDARD = "gnu++20";
				CLANG_ENABLE_MODULES = YES;
				CLANG_ENABLE_OBJC_ARC = YES;
				CLANG_ENABLE_OBJC_WEAK = YES;
				CLANG_WARN_BLOCK_CAPTURE_AUTORELEASING = YES;
				CLANG_WARN_BOOL_CONVERSION = YES;
				CLANG_WARN_COMMA = YES;
				CLANG_WARN_CONSTANT_CONVERSION = YES;
				CLANG_WARN_DEPRECATED_OBJC_IMPLEMENTATIONS = YES;
				CLANG_WARN_DIRECT_OBJC_ISA_USAGE = YES_ERROR;
				CLANG_WARN_DOCUMENTATION_COMMENTS = YES;
				CLANG_WARN_EMPTY_BODY = YES;
				CLANG_WARN_ENUM_CONVERSION = YES;
				CLANG_WARN_INFINITE_RECURSION = YES;
				CLANG_WARN_INT_CONVERSION = YES;
				CLANG_WARN_NON_LITERAL_NULL_CONVERSION = YES;
				CLANG_WARN_OBJC_IMPLICIT_RETAIN_SELF = YES;
				CLANG_WARN_OBJC_LITERAL_CONVERSION = YES;
				CLANG_WARN_OBJC_ROOT_CLASS = YES_ERROR;
				CLANG_WARN_QUOTED_INCLUDE_IN_FRAMEWORK_HEADER = YES;
				CLANG_WARN_RANGE_LOOP_ANALYSIS = YES;
				CLANG_WARN_STRICT_PROTOTYPES = YES;
				CLANG_WARN_SUSPICIOUS_MOVE = YES;
				CLANG_WARN_UNGUARDED_AVAILABILITY = YES_AGGRESSIVE;
				CLANG_WARN_UNREACHABLE_CODE = YES;
				CLANG_WARN__DUPLICATE_METHOD_MATCH = YES;
				COPY_PHASE_STRIP = NO;
				DEBUG_INFORMATION_FORMAT = "dwarf-with-dsym";
				ENABLE_NS_ASSERTIONS = NO;
				ENABLE_STRICT_OBJC_MSGSEND = YES;
				ENABLE_USER_SCRIPT_SANDBOXING = NO;
				GCC_C_LANGUAGE_STANDARD = gnu17;
				GCC_NO_COMMON_BLOCKS = YES;
				GCC_WARN_64_TO_32_BIT_CONVERSION = YES;
				GCC_WARN_ABOUT_RETURN_TYPE = YES_ERROR;
				GCC_WARN_UNDECLARED_SELECTOR = YES;
				GCC_WARN_UNINITIALIZED_AUTOS = YES_AGGRESSIVE;
				GCC_WARN_UNUSED_FUNCTION = YES;
				GCC_WARN_UNUSED_VARIABLE = YES;
				LOCALIZATION_PREFERS_STRING_CATALOGS = YES;
				MTL_ENABLE_DEBUG_INFO = NO;
				MTL_FAST_MATH = YES;
				SWIFT_COMPILATION_MODE = wholemodule;
			};
			name = Release;
		};
		45C22E462A9E11DA000B65C3 /* Debug */ = {
			isa = XCBuildConfiguration;
			buildSettings = {
				ASSETCATALOG_COMPILER_APPICON_NAME = AppIcon;
				ASSETCATALOG_COMPILER_GLOBAL_ACCENT_COLOR_NAME = AccentColor;
				CLANG_ENABLE_MODULES = YES;
				CODE_SIGN_ENTITLEMENTS = UDTW/UDTW.entitlements;
				CODE_SIGN_STYLE = Automatic;
				CURRENT_PROJECT_VERSION = 1;
				DEVELOPMENT_ASSET_PATHS = "\"UDTW/Preview Content\"";
				DEVELOPMENT_TEAM = 2S7545KYMG;
				ENABLE_HARDENED_RUNTIME = YES;
				ENABLE_PREVIEWS = YES;
				GENERATE_INFOPLIST_FILE = YES;
				"INFOPLIST_KEY_UIApplicationSceneManifest_Generation[sdk=iphoneos*]" = YES;
				"INFOPLIST_KEY_UIApplicationSceneManifest_Generation[sdk=iphonesimulator*]" = YES;
				"INFOPLIST_KEY_UIApplicationSupportsIndirectInputEvents[sdk=iphoneos*]" = YES;
				"INFOPLIST_KEY_UIApplicationSupportsIndirectInputEvents[sdk=iphonesimulator*]" = YES;
				"INFOPLIST_KEY_UILaunchScreen_Generation[sdk=iphoneos*]" = YES;
				"INFOPLIST_KEY_UILaunchScreen_Generation[sdk=iphonesimulator*]" = YES;
				"INFOPLIST_KEY_UIStatusBarStyle[sdk=iphoneos*]" = UIStatusBarStyleDefault;
				"INFOPLIST_KEY_UIStatusBarStyle[sdk=iphonesimulator*]" = UIStatusBarStyleDefault;
				INFOPLIST_KEY_UISupportedInterfaceOrientations_iPad = "UIInterfaceOrientationPortrait UIInterfaceOrientationPortraitUpsideDown UIInterfaceOrientationLandscapeLeft UIInterfaceOrientationLandscapeRight";
				INFOPLIST_KEY_UISupportedInterfaceOrientations_iPhone = "UIInterfaceOrientationPortrait UIInterfaceOrientationLandscapeLeft UIInterfaceOrientationLandscapeRight";
				IPHONEOS_DEPLOYMENT_TARGET = 17.0;
				LD_RUNPATH_SEARCH_PATHS = "@executable_path/Frameworks";
				"LD_RUNPATH_SEARCH_PATHS[sdk=macosx*]" = "@executable_path/../Frameworks";
				MACOSX_DEPLOYMENT_TARGET = 14.0;
				MARKETING_VERSION = 1.0;
				PRODUCT_BUNDLE_IDENTIFIER = udtw.UDTW;
				PRODUCT_NAME = "$(TARGET_NAME)";
				SDKROOT = auto;
				SUPPORTED_PLATFORMS = "iphoneos iphonesimulator macosx";
				SWIFT_EMIT_LOC_STRINGS = YES;
				SWIFT_OPTIMIZATION_LEVEL = "-Onone";
				SWIFT_VERSION = 5.0;
				TARGETED_DEVICE_FAMILY = "1,2";
			};
			name = Debug;
		};
		45C22E472A9E11DA000B65C3 /* Release */ = {
			isa = XCBuildConfiguration;
			buildSettings = {
				ASSETCATALOG_COMPILER_APPICON_NAME = AppIcon;
				ASSETCATALOG_COMPILER_GLOBAL_ACCENT_COLOR_NAME = AccentColor;
				CLANG_ENABLE_MODULES = YES;
				CODE_SIGN_ENTITLEMENTS = UDTW/UDTW.entitlements;
				CODE_SIGN_STYLE = Automatic;
				CURRENT_PROJECT_VERSION = 1;
				DEVELOPMENT_ASSET_PATHS = "\"UDTW/Preview Content\"";
				DEVELOPMENT_TEAM = 2S7545KYMG;
				ENABLE_HARDENED_RUNTIME = YES;
				ENABLE_PREVIEWS = YES;
				GENERATE_INFOPLIST_FILE = YES;
				"INFOPLIST_KEY_UIApplicationSceneManifest_Generation[sdk=iphoneos*]" = YES;
				"INFOPLIST_KEY_UIApplicationSceneManifest_Generation[sdk=iphonesimulator*]" = YES;
				"INFOPLIST_KEY_UIApplicationSupportsIndirectInputEvents[sdk=iphoneos*]" = YES;
				"INFOPLIST_KEY_UIApplicationSupportsIndirectInputEvents[sdk=iphonesimulator*]" = YES;
				"INFOPLIST_KEY_UILaunchScreen_Generation[sdk=iphoneos*]" = YES;
				"INFOPLIST_KEY_UILaunchScreen_Generation[sdk=iphonesimulator*]" = YES;
				"INFOPLIST_KEY_UIStatusBarStyle[sdk=iphoneos*]" = UIStatusBarStyleDefault;
				"INFOPLIST_KEY_UIStatusBarStyle[sdk=iphonesimulator*]" = UIStatusBarStyleDefault;
				INFOPLIST_KEY_UISupportedInterfaceOrientations_iPad = "UIInterfaceOrientationPortrait UIInterfaceOrientationPortraitUpsideDown UIInterfaceOrientationLandscapeLeft UIInterfaceOrientationLandscapeRight";
				INFOPLIST_KEY_UISupportedInterfaceOrientations_iPhone = "UIInterfaceOrientationPortrait UIInterfaceOrientationLandscapeLeft UIInterfaceOrientationLandscapeRight";
				IPHONEOS_DEPLOYMENT_TARGET = 17.0;
				LD_RUNPATH_SEARCH_PATHS = "@executable_path/Frameworks";
				"LD_RUNPATH_SEARCH_PATHS[sdk=macosx*]" = "@executable_path/../Frameworks";
				MACOSX_DEPLOYMENT_TARGET = 14.0;
				MARKETING_VERSION = 1.0;
				PRODUCT_BUNDLE_IDENTIFIER = udtw.UDTW;
				PRODUCT_NAME = "$(TARGET_NAME)";
				SDKROOT = auto;
				SUPPORTED_PLATFORMS = "iphoneos iphonesimulator macosx";
				SWIFT_EMIT_LOC_STRINGS = YES;
				SWIFT_VERSION = 5.0;
				TARGETED_DEVICE_FAMILY = "1,2";
			};
			name = Release;
		};
		45C22E492A9E11DA000B65C3 /* Debug */ = {
			isa = XCBuildConfiguration;
			buildSettings = {
				ALWAYS_EMBED_SWIFT_STANDARD_LIBRARIES = YES;
				BUNDLE_LOADER = "$(TEST_HOST)";
				CODE_SIGN_STYLE = Automatic;
				CURRENT_PROJECT_VERSION = 1;
				DEVELOPMENT_TEAM = 2S7545KYMG;
				GENERATE_INFOPLIST_FILE = YES;
				IPHONEOS_DEPLOYMENT_TARGET = 17.0;
				MACOSX_DEPLOYMENT_TARGET = 14.0;
				MARKETING_VERSION = 1.0;
				PRODUCT_BUNDLE_IDENTIFIER = udtw.UDTWTests;
				PRODUCT_NAME = "$(TARGET_NAME)";
				SDKROOT = auto;
				SUPPORTED_PLATFORMS = "iphoneos iphonesimulator macosx";
				SWIFT_EMIT_LOC_STRINGS = NO;
				SWIFT_VERSION = 5.0;
				TARGETED_DEVICE_FAMILY = "1,2";
				TEST_HOST = "$(BUILT_PRODUCTS_DIR)/UDTW.app/$(BUNDLE_EXECUTABLE_FOLDER_PATH)/UDTW";
			};
			name = Debug;
		};
		45C22E4A2A9E11DA000B65C3 /* Release */ = {
			isa = XCBuildConfiguration;
			buildSettings = {
				ALWAYS_EMBED_SWIFT_STANDARD_LIBRARIES = YES;
				BUNDLE_LOADER = "$(TEST_HOST)";
				CODE_SIGN_STYLE = Automatic;
				CURRENT_PROJECT_VERSION = 1;
				DEVELOPMENT_TEAM = 2S7545KYMG;
				GENERATE_INFOPLIST_FILE = YES;
				IPHONEOS_DEPLOYMENT_TARGET = 17.0;
				MACOSX_DEPLOYMENT_TARGET = 14.0;
				MARKETING_VERSION = 1.0;
				PRODUCT_BUNDLE_IDENTIFIER = udtw.UDTWTests;
				PRODUCT_NAME = "$(TARGET_NAME)";
				SDKROOT = auto;
				SUPPORTED_PLATFORMS = "iphoneos iphonesimulator macosx";
				SWIFT_EMIT_LOC_STRINGS = NO;
				SWIFT_VERSION = 5.0;
				TARGETED_DEVICE_FAMILY = "1,2";
				TEST_HOST = "$(BUILT_PRODUCTS_DIR)/UDTW.app/$(BUNDLE_EXECUTABLE_FOLDER_PATH)/UDTW";
			};
			name = Release;
		};
		45C22E4C2A9E11DA000B65C3 /* Debug */ = {
			isa = XCBuildConfiguration;
			buildSettings = {
				ALWAYS_EMBED_SWIFT_STANDARD_LIBRARIES = YES;
				CODE_SIGN_STYLE = Automatic;
				CURRENT_PROJECT_VERSION = 1;
				DEVELOPMENT_TEAM = 2S7545KYMG;
				GENERATE_INFOPLIST_FILE = YES;
				IPHONEOS_DEPLOYMENT_TARGET = 17.0;
				MACOSX_DEPLOYMENT_TARGET = 14.0;
				MARKETING_VERSION = 1.0;
				PRODUCT_BUNDLE_IDENTIFIER = udtw.UDTWUITests;
				PRODUCT_NAME = "$(TARGET_NAME)";
				SDKROOT = auto;
				SUPPORTED_PLATFORMS = "iphoneos iphonesimulator macosx";
				SWIFT_EMIT_LOC_STRINGS = NO;
				SWIFT_VERSION = 5.0;
				TARGETED_DEVICE_FAMILY = "1,2";
				TEST_TARGET_NAME = UDTW;
			};
			name = Debug;
		};
		45C22E4D2A9E11DA000B65C3 /* Release */ = {
			isa = XCBuildConfiguration;
			buildSettings = {
				ALWAYS_EMBED_SWIFT_STANDARD_LIBRARIES = YES;
				CODE_SIGN_STYLE = Automatic;
				CURRENT_PROJECT_VERSION = 1;
				DEVELOPMENT_TEAM = 2S7545KYMG;
				GENERATE_INFOPLIST_FILE = YES;
				IPHONEOS_DEPLOYMENT_TARGET = 17.0;
				MACOSX_DEPLOYMENT_TARGET = 14.0;
				MARKETING_VERSION = 1.0;
				PRODUCT_BUNDLE_IDENTIFIER = udtw.UDTWUITests;
				PRODUCT_NAME = "$(TARGET_NAME)";
				SDKROOT = auto;
				SUPPORTED_PLATFORMS = "iphoneos iphonesimulator macosx";
				SWIFT_EMIT_LOC_STRINGS = NO;
				SWIFT_VERSION = 5.0;
				TARGETED_DEVICE_FAMILY = "1,2";
				TEST_TARGET_NAME = UDTW;
			};
			name = Release;
		};
/* End XCBuildConfiguration section */

/* Begin XCConfigurationList section */
		45C22E1B2A9E11D8000B65C3 /* Build configuration list for PBXProject "UDTW" */ = {
			isa = XCConfigurationList;
			buildConfigurations = (
				45C22E432A9E11DA000B65C3 /* Debug */,
				45C22E442A9E11DA000B65C3 /* Release */,
			);
			defaultConfigurationIsVisible = 0;
			defaultConfigurationName = Release;
		};
		45C22E452A9E11DA000B65C3 /* Build configuration list for PBXNativeTarget "UDTW" */ = {
			isa = XCConfigurationList;
			buildConfigurations = (
				45C22E462A9E11DA000B65C3 /* Debug */,
				45C22E472A9E11DA000B65C3 /* Release */,
			);
			defaultConfigurationIsVisible = 0;
			defaultConfigurationName = Release;
		};
		45C22E482A9E11DA000B65C3 /* Build configuration list for PBXNativeTarget "UDTWTests" */ = {
			isa = XCConfigurationList;
			buildConfigurations = (
				45C22E492A9E11DA000B65C3 /* Debug */,
				45C22E4A2A9E11DA000B65C3 /* Release */,
			);
			defaultConfigurationIsVisible = 0;
			defaultConfigurationName = Release;
		};
		45C22E4B2A9E11DA000B65C3 /* Build configuration list for PBXNativeTarget "UDTWUITests" */ = {
			isa = XCConfigurationList;
			buildConfigurations = (
				45C22E4C2A9E11DA000B65C3 /* Debug */,
				45C22E4D2A9E11DA000B65C3 /* Release */,
			);
			defaultConfigurationIsVisible = 0;
			defaultConfigurationName = Release;
		};
/* End XCConfigurationList section */
	};
	rootObject = 45C22E182A9E11D8000B65C3 /* Project object */;
}
